{
  "projects": [
    {
      "projectId": "58GpZjZCWTaJ8AUhpCwt2K",
      "version": "3.28.0",
      "dependencies": {},
      "lang": "js",
      "fileLocks": [
        {
          "assetId": "58GpZjZCWTaJ8AUhpCwt2K",
          "type": "projectCss",
          "checksum": "f0469e206244772473ab64f50be898f9"
        }
      ],
      "codegenVersion": "0.0.1"
    },
    {
      "projectId": "r3ASNrnyvLLLAtDvzUioQ",
      "version": "4.8.0",
      "dependencies": {},
      "lang": "js",
      "fileLocks": [
        {
          "assetId": "r3ASNrnyvLLLAtDvzUioQ",
          "type": "projectCss",
          "checksum": "1c02168c6b23256606111fdfdbb63549"
        }
      ],
      "codegenVersion": "0.0.1"
    },
    {
      "projectId": "sqPBLwEBBKHA2WDuGb17eV",
      "version": "2.4.0",
      "dependencies": {},
      "lang": "js",
      "fileLocks": [
        {
          "assetId": "sqPBLwEBBKHA2WDuGb17eV",
          "type": "projectCss",
          "checksum": "1c02168c6b23256606111fdfdbb63549"
        },
        {
          "type": "renderModule",
          "assetId": "5nirPCGmCnRD",
          "checksum": "e6b4172291360749b8683efac8a8dc9a"
        },
        {
          "type": "cssRules",
          "assetId": "5nirPCGmCnRD",
          "checksum": "e6b4172291360749b8683efac8a8dc9a"
        },
        {
          "type": "icon",
          "assetId": "Wyt3GMMsLefj",
          "checksum": "d2b1886763aa016780501d0c22f50b5e"
        },
        {
          "type": "icon",
          "assetId": "MbDRsJU0e3bw",
          "checksum": "92672aa6935120ebaac11939d8d127bb"
        }
      ],
      "codegenVersion": "0.0.1"
    },
    {
      "projectId": "ohDidvG9XsCeFumugENU3J",
      "version": "6.29.0",
      "dependencies": {},
      "lang": "js",
      "fileLocks": [
        {
          "assetId": "ohDidvG9XsCeFumugENU3J",
          "type": "projectCss",
          "checksum": "ba2a60a163fca4f4d510275088a2be53"
        },
        {
          "assetId": "ohDidvG9XsCeFumugENU3J",
          "checksum": "de0a0e65174a6a185a8f822af51c6bdd",
          "type": "globalContexts"
        }
      ],
      "codegenVersion": "0.0.1"
    },
    {
      "projectId": "ciGKDfqapgtMVQBmmP938S",
      "version": "latest",
      "dependencies": {
        "ohDidvG9XsCeFumugENU3J": "6.29.0",
        "sqPBLwEBBKHA2WDuGb17eV": "2.4.0",
        "r3ASNrnyvLLLAtDvzUioQ": "4.8.0",
        "58GpZjZCWTaJ8AUhpCwt2K": "3.28.0"
      },
      "lang": "js",
      "fileLocks": [
        {
          "type": "globalVariant",
          "assetId": "6Fj7gnKse2oD",
          "checksum": "c404544979a827a7e77f7e1e9913e7da"
        },
        {
          "assetId": "ciGKDfqapgtMVQBmmP938S",
          "checksum": "52bda8a22c208ea5d06722d6711e2506",
          "type": "globalContexts"
        },
        {
          "type": "renderModule",
          "assetId": "o6-966qh5rpk",
          "checksum": "795358e9f3ab0cd2076fdfacfd60fae2"
        },
        {
          "type": "cssRules",
          "assetId": "o6-966qh5rpk",
          "checksum": "795358e9f3ab0cd2076fdfacfd60fae2"
        },
        {
          "type": "renderModule",
          "assetId": "bkuEPgvoDLS9",
          "checksum": "4d184a7f61d5cc01242de26be6acc4b2"
        },
        {
          "type": "cssRules",
          "assetId": "bkuEPgvoDLS9",
          "checksum": "4d184a7f61d5cc01242de26be6acc4b2"
        },
        {
          "type": "renderModule",
          "assetId": "FN1xPs_oVPhv",
          "checksum": "e0cf8108b4ab366ecbbe4abb14628bf7"
        },
        {
          "type": "cssRules",
          "assetId": "FN1xPs_oVPhv",
          "checksum": "e0cf8108b4ab366ecbbe4abb14628bf7"
        },
        {
          "type": "renderModule",
          "assetId": "KvnRhd2s6Etm",
          "checksum": "9dbfdfeb662ecc6b61bfd6d5de2f954c"
        },
        {
          "type": "cssRules",
          "assetId": "KvnRhd2s6Etm",
          "checksum": "9dbfdfeb662ecc6b61bfd6d5de2f954c"
        },
        {
          "type": "renderModule",
          "assetId": "AG7f8rJF0MyJ",
          "checksum": "ea4b16b5c97b574f61a17204766566fb"
        },
        {
          "type": "cssRules",
          "assetId": "AG7f8rJF0MyJ",
          "checksum": "ea4b16b5c97b574f61a17204766566fb"
        },
        {
          "type": "renderModule",
          "assetId": "-nPflg3j4Lq8",
          "checksum": "1f9ff73cc9be77ddd9e6823533d8989d"
        },
        {
          "type": "cssRules",
          "assetId": "-nPflg3j4Lq8",
          "checksum": "1f9ff73cc9be77ddd9e6823533d8989d"
        },
        {
          "type": "renderModule",
          "assetId": "WWnOqIsNQaYe",
          "checksum": "3d463a9dd5d2bca9e639f88602d495f8"
        },
        {
          "type": "cssRules",
          "assetId": "WWnOqIsNQaYe",
          "checksum": "3d463a9dd5d2bca9e639f88602d495f8"
        },
        {
          "type": "renderModule",
          "assetId": "wf_E_SfK4Mns",
          "checksum": "60dbfe12ea75afce8fca06cba74a17b4"
        },
        {
          "type": "cssRules",
          "assetId": "wf_E_SfK4Mns",
          "checksum": "60dbfe12ea75afce8fca06cba74a17b4"
        },
        {
          "type": "renderModule",
          "assetId": "yquhKvB_EpEe",
          "checksum": "3c9aeb38afce63e34c00273f4b13c8f7"
        },
        {
          "type": "cssRules",
          "assetId": "yquhKvB_EpEe",
          "checksum": "3c9aeb38afce63e34c00273f4b13c8f7"
        },
        {
          "type": "renderModule",
          "assetId": "PU7RYX_8xQzs",
          "checksum": "1c2e8bf4ec69b101c9a32010e2ddc91e"
        },
        {
          "type": "cssRules",
          "assetId": "PU7RYX_8xQzs",
          "checksum": "1c2e8bf4ec69b101c9a32010e2ddc91e"
        },
        {
          "type": "renderModule",
          "assetId": "to7sEd8fDz-x",
          "checksum": "37bbf6b2d0c8bb1dce707b33b7e8e34b"
        },
        {
          "type": "cssRules",
          "assetId": "to7sEd8fDz-x",
          "checksum": "37bbf6b2d0c8bb1dce707b33b7e8e34b"
        },
        {
          "type": "renderModule",
          "assetId": "HD_oqaS3qlsa",
          "checksum": "f1180bbd51f2af124aeb2c5404cf9276"
        },
        {
          "type": "cssRules",
          "assetId": "HD_oqaS3qlsa",
          "checksum": "f1180bbd51f2af124aeb2c5404cf9276"
        },
        {
          "type": "renderModule",
          "assetId": "JEirYpCTBJHv",
          "checksum": "ca9108e9ab7899fbb1bf3bcb8cb6012d"
        },
        {
          "type": "cssRules",
          "assetId": "JEirYpCTBJHv",
          "checksum": "ca9108e9ab7899fbb1bf3bcb8cb6012d"
        },
        {
          "type": "renderModule",
          "assetId": "a5j2NTIFQbkh",
          "checksum": "196d6e9118182d40d50e89a195eb9091"
        },
        {
          "type": "cssRules",
          "assetId": "a5j2NTIFQbkh",
          "checksum": "196d6e9118182d40d50e89a195eb9091"
        },
        {
          "type": "renderModule",
          "assetId": "K3BSu0MBimVJ",
          "checksum": "9c733fd169279c6473b4e2ab9a1c6809"
        },
        {
          "type": "cssRules",
          "assetId": "K3BSu0MBimVJ",
          "checksum": "9c733fd169279c6473b4e2ab9a1c6809"
        },
        {
          "type": "renderModule",
          "assetId": "ntRoqRwDlmcK",
          "checksum": "e1d62f00f5f27453a5c7a564e5b8d788"
        },
        {
          "type": "cssRules",
          "assetId": "ntRoqRwDlmcK",
          "checksum": "e1d62f00f5f27453a5c7a564e5b8d788"
        },
        {
          "type": "icon",
          "assetId": "Ek754fGxGqXp",
          "checksum": "e00db4a7d70c02ec82826928b68ec6aa"
        },
        {
          "type": "icon",
          "assetId": "YGolkvaNJc0H",
          "checksum": "05126091d17b9d663313e06fa893b288"
        },
        {
          "type": "icon",
          "assetId": "CI74rREHn8LG",
          "checksum": "d2791770a115b9a6d469cd446f59f72c"
        },
        {
          "type": "icon",
          "assetId": "9Qp4AnlBM4iC",
          "checksum": "93e7ed4aba4b2076d9c5860a60392610"
        },
        {
          "type": "icon",
          "assetId": "HIW7qbNk2WgC",
          "checksum": "2d072ace8ece4a68d09607c2f716ec0e"
        },
        {
          "type": "icon",
          "assetId": "E4yhKWj-3aD7",
          "checksum": "b85b9c297ed2bc84c735f83908172171"
        },
        {
          "type": "icon",
          "assetId": "Pb8aJP6vNPu-",
          "checksum": "6e5c86512de79fba59df25e1c890a0a1"
        },
        {
          "type": "icon",
          "assetId": "rvg1cf5Qu-cN",
          "checksum": "b5ee49de00365c0fb7f4badac3670b3b"
        },
        {
          "type": "icon",
          "assetId": "MLGvV4FfNS-4",
          "checksum": "ca24d00ce973ce9ffb39a407d283b3d7"
        },
        {
          "type": "icon",
          "assetId": "tLa3gvF0lqZP",
          "checksum": "5409fa43590fa45adc6391fa72097705"
        },
        {
          "type": "icon",
          "assetId": "F9334UEWObaS",
          "checksum": "1219aac81de90a14b0c6cc5b4ed228c5"
        },
        {
          "type": "image",
          "assetId": "OB67Z8mqPYk3",
          "checksum": "1c15e908b32845d6e56e20be00f3c0b8"
        },
        {
          "type": "image",
          "assetId": "bJV7ubbA2CyU",
          "checksum": "d2ba01fa1d0c65526fa73c89d6f4085a"
        },
        {
          "type": "image",
          "assetId": "YHOe3qEfKyUe",
          "checksum": "494eadfe9d903e8813bfd3c8ff6a5b29"
        },
        {
          "type": "image",
          "assetId": "QDwqhZi5WR5c",
          "checksum": "0767bf00b295e41beb10986d7c765a9f"
        },
        {
          "type": "image",
          "assetId": "21FOTIObf8oU",
          "checksum": "04e6df0d8315015a0deed5e25de7ebd9"
        },
        {
          "assetId": "ciGKDfqapgtMVQBmmP938S",
          "type": "projectCss",
          "checksum": "7176310aa0b99e0a427230fd11602abd"
        }
      ],
      "codegenVersion": "0.0.1"
    }
  ],
  "cliVersion": "0.1.335"
}
